
Microsoft Visual Studio Solution File, Format Version 12.00
# Visual Studio 14
VisualStudioVersion = 14.0.24720.0
MinimumVisualStudioVersion = 10.0.40219.1
Project("{FAE04EC0-301F-11D3-BF4B-00C04F79EFBC}") = "Messager", "Messager\Messager.csproj", "{FE462E43-1DC5-40F4-909A-4C08CAB09704}"
EndProject
Project("{FAE04EC0-301F-11D3-BF4B-00C04F79EFBC}") = "Messager.Core", "Messager.Core\Messager.Core.csproj", "{A92B5BC9-2837-4B7A-BC28-A8919F4E6319}"
EndProject
Project("{FAE04EC0-301F-11D3-BF4B-00C04F79EFBC}") = "Messager.Android", "Messager.Android\Messager.Android.csproj", "{EBFFADAA-F195-4451-A374-EEF06B5F1AC9}"
EndProject
Global
	GlobalSection(SolutionConfigurationPlatforms) = preSolution
		Debug|Any CPU = Debug|Any CPU
		Release|Any CPU = Release|Any CPU
	EndGlobalSection
	GlobalSection(ProjectConfigurationPlatforms) = postSolution
		{FE462E43-1DC5-40F4-909A-4C08CAB09704}.Debug|Any CPU.ActiveCfg = Debug|Any CPU
		{FE462E43-1DC5-40F4-909A-4C08CAB09704}.Debug|Any CPU.Build.0 = Debug|Any CPU
		{FE462E43-1DC5-40F4-909A-4C08CAB09704}.Release|Any CPU.ActiveCfg = Release|Any CPU
		{FE462E43-1DC5-40F4-909A-4C08CAB09704}.Release|Any CPU.Build.0 = Release|Any CPU
		{A92B5BC9-2837-4B7A-BC28-A8919F4E6319}.Debug|Any CPU.ActiveCfg = Debug|Any CPU
		{A92B5BC9-2837-4B7A-BC28-A8919F4E6319}.Debug|Any CPU.Build.0 = Debug|Any CPU
		{A92B5BC9-2837-4B7A-BC28-A8919F4E6319}.Release|Any CPU.ActiveCfg = Release|Any CPU
		{A92B5BC9-2837-4B7A-BC28-A8919F4E6319}.Release|Any CPU.Build.0 = Release|Any CPU
		{EBFFADAA-F195-4451-A374-EEF06B5F1AC9}.Debug|Any CPU.ActiveCfg = Debug|Any CPU
		{EBFFADAA-F195-4451-A374-EEF06B5F1AC9}.Debug|Any CPU.Build.0 = Debug|Any CPU
		{EBFFADAA-F195-4451-A374-EEF06B5F1AC9}.Debug|Any CPU.Deploy.0 = Debug|Any CPU
		{EBFFADAA-F195-4451-A374-EEF06B5F1AC9}.Release|Any CPU.ActiveCfg = Release|Any CPU
		{EBFFADAA-F195-4451-A374-EEF06B5F1AC9}.Release|Any CPU.Build.0 = Release|Any CPU
		{EBFFADAA-F195-4451-A374-EEF06B5F1AC9}.Release|Any CPU.Deploy.0 = Release|Any CPU
	EndGlobalSection
	GlobalSection(SolutionProperties) = preSolution
		HideSolutionNode = FALSE
	EndGlobalSection
EndGlobal
